// !$*UTF8*$!
{
	archiveVersion = 1;
	classes = {
	};
	objectVersion = 55;
	objects = {

/* Begin PBXBuildFile section */
		998D971227CC091800447F89 /* AppDelegate.swift in Sources */ = {isa = PBXBuildFile; fileRef = 998D971127CC091800447F89 /* AppDelegate.swift */; };
		998D971427CC091800447F89 /* SceneDelegate.swift in Sources */ = {isa = PBXBuildFile; fileRef = 998D971327CC091800447F89 /* SceneDelegate.swift */; };
		998D971927CC091800447F89 /* Main.storyboard in Resources */ = {isa = PBXBuildFile; fileRef = 998D971727CC091800447F89 /* Main.storyboard */; };
		998D971B27CC091900447F89 /* Assets.xcassets in Resources */ = {isa = PBXBuildFile; fileRef = 998D971A27CC091900447F89 /* Assets.xcassets */; };
		998D971E27CC091900447F89 /* LaunchScreen.storyboard in Resources */ = {isa = PBXBuildFile; fileRef = 998D971C27CC091900447F89 /* LaunchScreen.storyboard */; };
		99C9A80727CC0ED000EABEA3 /* URLConstants.swift in Sources */ = {isa = PBXBuildFile; fileRef = 99C9A80627CC0ED000EABEA3 /* URLConstants.swift */; };
		99C9A80927CC0EE500EABEA3 /* APIkeyfile.swift in Sources */ = {isa = PBXBuildFile; fileRef = 99C9A80827CC0EE500EABEA3 /* APIkeyfile.swift */; };
		99C9A80B27CC104F00EABEA3 /* StockShort.swift in Sources */ = {isa = PBXBuildFile; fileRef = 99C9A80A27CC104F00EABEA3 /* StockShort.swift */; };
		99C9A80D27CC13E400EABEA3 /* StockViewController.swift in Sources */ = {isa = PBXBuildFile; fileRef = 99C9A80C27CC13E400EABEA3 /* StockViewController.swift */; };
		F3646E7CB71F23EF19D1331F /* Pods_StockMaster.framework in Frameworks */ = {isa = PBXBuildFile; fileRef = 0862D7E9C9DBDCD5C4DB3BB8 /* Pods_StockMaster.framework */; };
/* End PBXBuildFile section */

/* Begin PBXFileReference section */
		0862D7E9C9DBDCD5C4DB3BB8 /* Pods_StockMaster.framework */ = {isa = PBXFileReference; explicitFileType = wrapper.framework; includeInIndex = 0; path = Pods_StockMaster.framework; sourceTree = BUILT_PRODUCTS_DIR; };
		5DD9DA1D008E705BEC9AD0E6 /* Pods-StockMaster.release.xcconfig */ = {isa = PBXFileReference; includeInIndex = 1; lastKnownFileType = text.xcconfig; name = "Pods-StockMaster.release.xcconfig"; path = "Target Support Files/Pods-StockMaster/Pods-StockMaster.release.xcconfig"; sourceTree = "<group>"; };
		91DC8E84EA3A15A5548335AC /* Pods-StockMaster.debug.xcconfig */ = {isa = PBXFileReference; includeInIndex = 1; lastKnownFileType = text.xcconfig; name = "Pods-StockMaster.debug.xcconfig"; path = "Target Support Files/Pods-StockMaster/Pods-StockMaster.debug.xcconfig"; sourceTree = "<group>"; };
		998D970E27CC091800447F89 /* StockMaster.app */ = {isa = PBXFileReference; explicitFileType = wrapper.application; includeInIndex = 0; path = StockMaster.app; sourceTree = BUILT_PRODUCTS_DIR; };
		998D971127CC091800447F89 /* AppDelegate.swift */ = {isa = PBXFileReference; lastKnownFileType = sourcecode.swift; path = AppDelegate.swift; sourceTree = "<group>"; };
		998D971327CC091800447F89 /* SceneDelegate.swift */ = {isa = PBXFileReference; lastKnownFileType = sourcecode.swift; path = SceneDelegate.swift; sourceTree = "<group>"; };
		998D971827CC091800447F89 /* Base */ = {isa = PBXFileReference; lastKnownFileType = file.storyboard; name = Base; path = Base.lproj/Main.storyboard; sourceTree = "<group>"; };
		998D971A27CC091900447F89 /* Assets.xcassets */ = {isa = PBXFileReference; lastKnownFileType = folder.assetcatalog; path = Assets.xcassets; sourceTree = "<group>"; };
		998D971D27CC091900447F89 /* Base */ = {isa = PBXFileReference; lastKnownFileType = file.storyboard; name = Base; path = Base.lproj/LaunchScreen.storyboard; sourceTree = "<group>"; };
		998D971F27CC091900447F89 /* Info.plist */ = {isa = PBXFileReference; lastKnownFileType = text.plist.xml; path = Info.plist; sourceTree = "<group>"; };
		99C9A80627CC0ED000EABEA3 /* URLConstants.swift */ = {isa = PBXFileReference; lastKnownFileType = sourcecode.swift; path = URLConstants.swift; sourceTree = "<group>"; };
		99C9A80827CC0EE500EABEA3 /* APIkeyfile.swift */ = {isa = PBXFileReference; lastKnownFileType = sourcecode.swift; path = APIkeyfile.swift; sourceTree = "<group>"; };
		99C9A80A27CC104F00EABEA3 /* StockShort.swift */ = {isa = PBXFileReference; lastKnownFileType = sourcecode.swift; path = StockShort.swift; sourceTree = "<group>"; };
		99C9A80C27CC13E400EABEA3 /* StockViewController.swift */ = {isa = PBXFileReference; lastKnownFileType = sourcecode.swift; path = StockViewController.swift; sourceTree = "<group>"; };
/* End PBXFileReference section */

/* Begin PBXFrameworksBuildPhase section */
		998D970B27CC091800447F89 /* Frameworks */ = {
			isa = PBXFrameworksBuildPhase;
			buildActionMask = 2147483647;
			files = (
				F3646E7CB71F23EF19D1331F /* Pods_StockMaster.framework in Frameworks */,
			);
			runOnlyForDeploymentPostprocessing = 0;
		};
/* End PBXFrameworksBuildPhase section */

/* Begin PBXGroup section */
		5BACB6B0CA2FC3EF473D72F0 /* Pods */ = {
			isa = PBXGroup;
			children = (
				91DC8E84EA3A15A5548335AC /* Pods-StockMaster.debug.xcconfig */,
				5DD9DA1D008E705BEC9AD0E6 /* Pods-StockMaster.release.xcconfig */,
			);
			path = Pods;
			sourceTree = "<group>";
		};
		6BD2C3D3C8747B2916163BF9 /* Frameworks */ = {
			isa = PBXGroup;
			children = (
				0862D7E9C9DBDCD5C4DB3BB8 /* Pods_StockMaster.framework */,
			);
			name = Frameworks;
			sourceTree = "<group>";
		};
		998D970527CC091800447F89 = {
			isa = PBXGroup;
			children = (
				998D971027CC091800447F89 /* StockMaster */,
				998D970F27CC091800447F89 /* Products */,
				5BACB6B0CA2FC3EF473D72F0 /* Pods */,
				6BD2C3D3C8747B2916163BF9 /* Frameworks */,
			);
			sourceTree = "<group>";
		};
		998D970F27CC091800447F89 /* Products */ = {
			isa = PBXGroup;
			children = (
				998D970E27CC091800447F89 /* StockMaster.app */,
			);
			name = Products;
			sourceTree = "<group>";
		};
		998D971027CC091800447F89 /* StockMaster */ = {
			isa = PBXGroup;
			children = (
				99C9A80527CC0EB200EABEA3 /* Constants */,
				99C9A80427CC0E7A00EABEA3 /* Controller */,
				99C9A80327CC0E7500EABEA3 /* View */,
				99C9A80227CC0E6D00EABEA3 /* Model */,
				998D971127CC091800447F89 /* AppDelegate.swift */,
				998D971327CC091800447F89 /* SceneDelegate.swift */,
				998D971A27CC091900447F89 /* Assets.xcassets */,
				998D971C27CC091900447F89 /* LaunchScreen.storyboard */,
				998D971F27CC091900447F89 /* Info.plist */,
			);
			path = StockMaster;
			sourceTree = "<group>";
		};
		99C9A80227CC0E6D00EABEA3 /* Model */ = {
			isa = PBXGroup;
			children = (
				99C9A80A27CC104F00EABEA3 /* StockShort.swift */,
			);
			path = Model;
			sourceTree = "<group>";
		};
		99C9A80327CC0E7500EABEA3 /* View */ = {
			isa = PBXGroup;
			children = (
				998D971727CC091800447F89 /* Main.storyboard */,
			);
			path = View;
			sourceTree = "<group>";
		};
		99C9A80427CC0E7A00EABEA3 /* Controller */ = {
			isa = PBXGroup;
			children = (
				99C9A80C27CC13E400EABEA3 /* StockViewController.swift */,
			);
			path = Controller;
			sourceTree = "<group>";
		};
		99C9A80527CC0EB200EABEA3 /* Constants */ = {
			isa = PBXGroup;
			children = (
				99C9A80627CC0ED000EABEA3 /* URLConstants.swift */,
				99C9A80827CC0EE500EABEA3 /* APIkeyfile.swift */,
			);
			path = Constants;
			sourceTree = "<group>";
		};
/* End PBXGroup section */

/* Begin PBXNativeTarget section */
		998D970D27CC091800447F89 /* StockMaster */ = {
			isa = PBXNativeTarget;
			buildConfigurationList = 998D972227CC091900447F89 /* Build configuration list for PBXNativeTarget "StockMaster" */;
			buildPhases = (
				B01C9E7FE402D289CE6B4DB8 /* [CP] Check Pods Manifest.lock */,
				998D970A27CC091800447F89 /* Sources */,
				998D970B27CC091800447F89 /* Frameworks */,
				998D970C27CC091800447F89 /* Resources */,
				315F881A8CB75F1BA79A61F2 /* [CP] Embed Pods Frameworks */,
			);
			buildRules = (
			);
			dependencies = (
			);
			name = StockMaster;
			productName = StockMaster;
			productReference = 998D970E27CC091800447F89 /* StockMaster.app */;
			productType = "com.apple.product-type.application";
		};
/* End PBXNativeTarget section */

/* Begin PBXProject section */
		998D970627CC091800447F89 /* Project object */ = {
			isa = PBXProject;
			attributes = {
				BuildIndependentTargetsInParallel = 1;
				LastSwiftUpdateCheck = 1320;
				LastUpgradeCheck = 1320;
				TargetAttributes = {
					998D970D27CC091800447F89 = {
						CreatedOnToolsVersion = 13.2.1;
					};
				};
			};
			buildConfigurationList = 998D970927CC091800447F89 /* Build configuration list for PBXProject "StockMaster" */;
			compatibilityVersion = "Xcode 13.0";
			developmentRegion = en;
			hasScannedForEncodings = 0;
			knownRegions = (
				en,
				Base,
			);
			mainGroup = 998D970527CC091800447F89;
			productRefGroup = 998D970F27CC091800447F89 /* Products */;
			projectDirPath = "";
			projectRoot = "";
			targets = (
				998D970D27CC091800447F89 /* StockMaster */,
			);
		};
/* End PBXProject section */

/* Begin PBXResourcesBuildPhase section */
		998D970C27CC091800447F89 /* Resources */ = {
			isa = PBXResourcesBuildPhase;
			buildActionMask = 2147483647;
			files = (
				998D971E27CC091900447F89 /* LaunchScreen.storyboard in Resources */,
				998D971B27CC091900447F89 /* Assets.xcassets in Resources */,
				998D971927CC091800447F89 /* Main.storyboard in Resources */,
			);
			runOnlyForDeploymentPostprocessing = 0;
		};
/* End PBXResourcesBuildPhase section */

/* Begin PBXShellScriptBuildPhase section */
		315F881A8CB75F1BA79A61F2 /* [CP] Embed Pods Frameworks */ = {
			isa = PBXShellScriptBuildPhase;
			buildActionMask = 2147483647;
			files = (
			);
			inputFileListPaths = (
				"${PODS_ROOT}/Target Support Files/Pods-StockMaster/Pods-StockMaster-frameworks-${CONFIGURATION}-input-files.xcfilelist",
			);
			name = "[CP] Embed Pods Frameworks";
			outputFileListPaths = (
				"${PODS_ROOT}/Target Support Files/Pods-StockMaster/Pods-StockMaster-frameworks-${CONFIGURATION}-output-files.xcfilelist",
			);
			runOnlyForDeploymentPostprocessing = 0;
			shellPath = /bin/sh;
			shellScript = "\"${PODS_ROOT}/Target Support Files/Pods-StockMaster/Pods-StockMaster-frameworks.sh\"\n";
			showEnvVarsInLog = 0;
		};
		B01C9E7FE402D289CE6B4DB8 /* [CP] Check Pods Manifest.lock */ = {
			isa = PBXShellScriptBuildPhase;
			buildActionMask = 2147483647;
			files = (
			);
			inputFileListPaths = (
			);
			inputPaths = (
				"${PODS_PODFILE_DIR_PATH}/Podfile.lock",
				"${PODS_ROOT}/Manifest.lock",
			);
			name = "[CP] Check Pods Manifest.lock";
			outputFileListPaths = (
			);
			outputPaths = (
				"$(DERIVED_FILE_DIR)/Pods-StockMaster-checkManifestLockResult.txt",
			);
			runOnlyForDeploymentPostprocessing = 0;
			shellPath = /bin/sh;
			shellScript = "diff \"${PODS_PODFILE_DIR_PATH}/Podfile.lock\" \"${PODS_ROOT}/Manifest.lock\" > /dev/null\nif [ $? != 0 ] ; then\n    # print error to STDERR\n    echo \"error: The sandbox is not in sync with the Podfile.lock. Run 'pod install' or update your CocoaPods installation.\" >&2\n    exit 1\nfi\n# This output is used by Xcode 'outputs' to avoid re-running this script phase.\necho \"SUCCESS\" > \"${SCRIPT_OUTPUT_FILE_0}\"\n";
			showEnvVarsInLog = 0;
		};
/* End PBXShellScriptBuildPhase section */

/* Begin PBXSourcesBuildPhase section */
		998D970A27CC091800447F89 /* Sources */ = {
			isa = PBXSourcesBuildPhase;
			buildActionMask = 2147483647;
			files = (
				99C9A80727CC0ED000EABEA3 /* URLConstants.swift in Sources */,
				99C9A80D27CC13E400EABEA3 /* StockViewController.swift in Sources */,
				99C9A80927CC0EE500EABEA3 /* APIkeyfile.swift in Sources */,
				99C9A80B27CC104F00EABEA3 /* StockShort.swift in Sources */,
				998D971227CC091800447F89 /* AppDelegate.swift in Sources */,
				998D971427CC091800447F89 /* SceneDelegate.swift in Sources */,
			);
			runOnlyForDeploymentPostprocessing = 0;
		};
/* End PBXSourcesBuildPhase section */

/* Begin PBXVariantGroup section */
		998D971727CC091800447F89 /* Main.storyboard */ = {
			isa = PBXVariantGroup;
			children = (
				998D971827CC091800447F89 /* Base */,
			);
			name = Main.storyboard;
			sourceTree = "<group>";
		};
		998D971C27CC091900447F89 /* LaunchScreen.storyboard */ = {
			isa = PBXVariantGroup;
			children = (
				998D971D27CC091900447F89 /* Base */,
			);
			name = LaunchScreen.storyboard;
			sourceTree = "<group>";
		};
/* End PBXVariantGroup section */

/* Begin XCBuildConfiguration section */
		998D972027CC091900447F89 /* Debug */ = {
			isa = XCBuildConfiguration;
			buildSettings = {
				ALWAYS_SEARCH_USER_PATHS = NO;
				CLANG_ANALYZER_NONNULL = YES;
				CLANG_ANALYZER_NUMBER_OBJECT_CONVERSION = YES_AGGRESSIVE;
				CLANG_CXX_LANGUAGE_STANDARD = "gnu++17";
				CLANG_CXX_LIBRARY = "libc++";
				CLANG_ENABLE_MODULES = YES;
				CLANG_ENABLE_OBJC_ARC = YES;
				CLANG_ENABLE_OBJC_WEAK = YES;
				CLANG_WARN_BLOCK_CAPTURE_AUTORELEASING = YES;
				CLANG_WARN_BOOL_CONVERSION = YES;
				CLANG_WARN_COMMA = YES;
				CLANG_WARN_CONSTANT_CONVERSION = YES;
				CLANG_WARN_DEPRECATED_OBJC_IMPLEMENTATIONS = YES;
				CLANG_WARN_DIRECT_OBJC_ISA_USAGE = YES_ERROR;
				CLANG_WARN_DOCUMENTATION_COMMENTS = YES;
				CLANG_WARN_EMPTY_BODY = YES;
				CLANG_WARN_ENUM_CONVERSION = YES;
				CLANG_WARN_INFINITE_RECURSION = YES;
				CLANG_WARN_INT_CONVERSION = YES;
				CLANG_WARN_NON_LITERAL_NULL_CONVERSION = YES;
				CLANG_WARN_OBJC_IMPLICIT_RETAIN_SELF = YES;
				CLANG_WARN_OBJC_LITERAL_CONVERSION = YES;
				CLANG_WARN_OBJC_ROOT_CLASS = YES_ERROR;
				CLANG_WARN_QUOTED_INCLUDE_IN_FRAMEWORK_HEADER = YES;
				CLANG_WARN_RANGE_LOOP_ANALYSIS = YES;
				CLANG_WARN_STRICT_PROTOTYPES = YES;
				CLANG_WARN_SUSPICIOUS_MOVE = YES;
				CLANG_WARN_UNGUARDED_AVAILABILITY = YES_AGGRESSIVE;
				CLANG_WARN_UNREACHABLE_CODE = YES;
				CLANG_WARN__DUPLICATE_METHOD_MATCH = YES;
				COPY_PHASE_STRIP = NO;
				DEBUG_INFORMATION_FORMAT = dwarf;
				ENABLE_STRICT_OBJC_MSGSEND = YES;
				ENABLE_TESTABILITY = YES;
				GCC_C_LANGUAGE_STANDARD = gnu11;
				GCC_DYNAMIC_NO_PIC = NO;
				GCC_NO_COMMON_BLOCKS = YES;
				GCC_OPTIMIZATION_LEVEL = 0;
				GCC_PREPROCESSOR_DEFINITIONS = (
					"DEBUG=1",
					"$(inherited)",
				);
				GCC_WARN_64_TO_32_BIT_CONVERSION = YES;
				GCC_WARN_ABOUT_RETURN_TYPE = YES_ERROR;
				GCC_WARN_UNDECLARED_SELECTOR = YES;
				GCC_WARN_UNINITIALIZED_AUTOS = YES_AGGRESSIVE;
				GCC_WARN_UNUSED_FUNCTION = YES;
				GCC_WARN_UNUSED_VARIABLE = YES;
				IPHONEOS_DEPLOYMENT_TARGET = 15.2;
				MTL_ENABLE_DEBUG_INFO = INCLUDE_SOURCE;
				MTL_FAST_MATH = YES;
				ONLY_ACTIVE_ARCH = YES;
				SDKROOT = iphoneos;
				SWIFT_ACTIVE_COMPILATION_CONDITIONS = DEBUG;
				SWIFT_OPTIMIZATION_LEVEL = "-Onone";
			};
			name = Debug;
		};
		998D972127CC091900447F89 /* Release */ = {
			isa = XCBuildConfiguration;
			buildSettings = {
				ALWAYS_SEARCH_USER_PATHS = NO;
				CLANG_ANALYZER_NONNULL = YES;
				CLANG_ANALYZER_NUMBER_OBJECT_CONVERSION = YES_AGGRESSIVE;
				CLANG_CXX_LANGUAGE_STANDARD = "gnu++17";
				CLANG_CXX_LIBRARY = "libc++";
				CLANG_ENABLE_MODULES = YES;
				CLANG_ENABLE_OBJC_ARC = YES;
				CLANG_ENABLE_OBJC_WEAK = YES;
				CLANG_WARN_BLOCK_CAPTURE_AUTORELEASING = YES;
				CLANG_WARN_BOOL_CONVERSION = YES;
				CLANG_WARN_COMMA = YES;
				CLANG_WARN_CONSTANT_CONVERSION = YES;
				CLANG_WARN_DEPRECATED_OBJC_IMPLEMENTATIONS = YES;
				CLANG_WARN_DIRECT_OBJC_ISA_USAGE = YES_ERROR;
				CLANG_WARN_DOCUMENTATION_COMMENTS = YES;
				CLANG_WARN_EMPTY_BODY = YES;
				CLANG_WARN_ENUM_CONVERSION = YES;
				CLANG_WARN_INFINITE_RECURSION = YES;
				CLANG_WARN_INT_CONVERSION = YES;
				CLANG_WARN_NON_LITERAL_NULL_CONVERSION = YES;
				CLANG_WARN_OBJC_IMPLICIT_RETAIN_SELF = YES;
				CLANG_WARN_OBJC_LITERAL_CONVERSION = YES;
				CLANG_WARN_OBJC_ROOT_CLASS = YES_ERROR;
				CLANG_WARN_QUOTED_INCLUDE_IN_FRAMEWORK_HEADER = YES;
				CLANG_WARN_RANGE_LOOP_ANALYSIS = YES;
				CLANG_WARN_STRICT_PROTOTYPES = YES;
				CLANG_WARN_SUSPICIOUS_MOVE = YES;
				CLANG_WARN_UNGUARDED_AVAILABILITY = YES_AGGRESSIVE;
				CLANG_WARN_UNREACHABLE_CODE = YES;
				CLANG_WARN__DUPLICATE_METHOD_MATCH = YES;
				COPY_PHASE_STRIP = NO;
				DEBUG_INFORMATION_FORMAT = "dwarf-with-dsym";
				ENABLE_NS_ASSERTIONS = NO;
				ENABLE_STRICT_OBJC_MSGSEND = YES;
				GCC_C_LANGUAGE_STANDARD = gnu11;
				GCC_NO_COMMON_BLOCKS = YES;
				GCC_WARN_64_TO_32_BIT_CONVERSION = YES;
				GCC_WARN_ABOUT_RETURN_TYPE = YES_ERROR;
				GCC_WARN_UNDECLARED_SELECTOR = YES;
				GCC_WARN_UNINITIALIZED_AUTOS = YES_AGGRESSIVE;
				GCC_WARN_UNUSED_FUNCTION = YES;
				GCC_WARN_UNUSED_VARIABLE = YES;
				IPHONEOS_DEPLOYMENT_TARGET = 15.2;
				MTL_ENABLE_DEBUG_INFO = NO;
				MTL_FAST_MATH = YES;
				SDKROOT = iphoneos;
				SWIFT_COMPILATION_MODE = wholemodule;
				SWIFT_OPTIMIZATION_LEVEL = "-O";
				VALIDATE_PRODUCT = YES;
			};
			name = Release;
		};
		998D972327CC091900447F89 /* Debug */ = {
			isa = XCBuildConfiguration;
			baseConfigurationReference = 91DC8E84EA3A15A5548335AC /* Pods-StockMaster.debug.xcconfig */;
			buildSettings = {
				ASSETCATALOG_COMPILER_APPICON_NAME = AppIcon;
				ASSETCATALOG_COMPILER_GLOBAL_ACCENT_COLOR_NAME = AccentColor;
				CODE_SIGN_STYLE = Automatic;
				CURRENT_PROJECT_VERSION = 1;
				GENERATE_INFOPLIST_FILE = YES;
				INFOPLIST_FILE = StockMaster/Info.plist;
				INFOPLIST_KEY_UIApplicationSupportsIndirectInputEvents = YES;
				INFOPLIST_KEY_UILaunchStoryboardName = LaunchScreen;
				INFOPLIST_KEY_UIMainStoryboardFile = Main;
				INFOPLIST_KEY_UISupportedInterfaceOrientations_iPad = "UIInterfaceOrientationPortrait UIInterfaceOrientationPortraitUpsideDown UIInterfaceOrientationLandscapeLeft UIInterfaceOrientationLandscapeRight";
				INFOPLIST_KEY_UISupportedInterfaceOrientations_iPhone = "UIInterfaceOrientationPortrait UIInterfaceOrientationLandscapeLeft UIInterfaceOrientationLandscapeRight";
				LD_RUNPATH_SEARCH_PATHS = (
					"$(inherited)",
					"@executable_path/Frameworks",
				);
				MARKETING_VERSION = 1.0;
				PRODUCT_BUNDLE_IDENTIFIER = edu.northeastern.rahul.StockMaster;
				PRODUCT_NAME = "$(TARGET_NAME)";
				SWIFT_EMIT_LOC_STRINGS = YES;
				SWIFT_VERSION = 5.0;
				TARGETED_DEVICE_FAMILY = "1,2";
			};
			name = Debug;
		};
		998D972427CC091900447F89 /* Release */ = {
			isa = XCBuildConfiguration;
			baseConfigurationReference = 5DD9DA1D008E705BEC9AD0E6 /* Pods-StockMaster.release.xcconfig */;
			buildSettings = {
				ASSETCATALOG_COMPILER_APPICON_NAME = AppIcon;
				ASSETCATALOG_COMPILER_GLOBAL_ACCENT_COLOR_NAME = AccentColor;
				CODE_SIGN_STYLE = Automatic;
				CURRENT_PROJECT_VERSION = 1;
				GENERATE_INFOPLIST_FILE = YES;
				INFOPLIST_FILE = StockMaster/Info.plist;
				INFOPLIST_KEY_UIApplicationSupportsIndirectInputEvents = YES;
				INFOPLIST_KEY_UILaunchStoryboardName = LaunchScreen;
				INFOPLIST_KEY_UIMainStoryboardFile = Main;
				INFOPLIST_KEY_UISupportedInterfaceOrientations_iPad = "UIInterfaceOrientationPortrait UIInterfaceOrientationPortraitUpsideDown UIInterfaceOrientationLandscapeLeft UIInterfaceOrientationLandscapeRight";
				INFOPLIST_KEY_UISupportedInterfaceOrientations_iPhone = "UIInterfaceOrientationPortrait UIInterfaceOrientationLandscapeLeft UIInterfaceOrientationLandscapeRight";
				LD_RUNPATH_SEARCH_PATHS = (
					"$(inherited)",
					"@executable_path/Frameworks",
				);
				MARKETING_VERSION = 1.0;
				PRODUCT_BUNDLE_IDENTIFIER = edu.northeastern.rahul.StockMaster;
				PRODUCT_NAME = "$(TARGET_NAME)";
				SWIFT_EMIT_LOC_STRINGS = YES;
				SWIFT_VERSION = 5.0;
				TARGETED_DEVICE_FAMILY = "1,2";
			};
			name = Release;
		};
/* End XCBuildConfiguration section */

/* Begin XCConfigurationList section */
		998D970927CC091800447F89 /* Build configuration list for PBXProject "StockMaster" */ = {
			isa = XCConfigurationList;
			buildConfigurations = (
				998D972027CC091900447F89 /* Debug */,
				998D972127CC091900447F89 /* Release */,
			);
			defaultConfigurationIsVisible = 0;
			defaultConfigurationName = Release;
		};
		998D972227CC091900447F89 /* Build configuration list for PBXNativeTarget "StockMaster" */ = {
			isa = XCConfigurationList;
			buildConfigurations = (
				998D972327CC091900447F89 /* Debug */,
				998D972427CC091900447F89 /* Release */,
			);
			defaultConfigurationIsVisible = 0;
			defaultConfigurationName = Release;
		};
/* End XCConfigurationList section */
	};
	rootObject = 998D970627CC091800447F89 /* Project object */;
}
